Microsoft Visual Studio Solution File, Format Version 11.00
# Visual Studio 2010
Project("{02B8708E-59D0-499F-83EB-D022FBACC371}") = "film", ".dub/film.visualdproj", "{ABB6B49F-0F33-4947-9794-4F0CDC52A7B8}"
	ProjectSection(ProjectDependencies) = postProject
		{9279E325-8264-45B5-8A6F-552257F3D037} = {9279E325-8264-45B5-8A6F-552257F3D037}
	EndProjectSection
EndProject
Project("{02B8708E-59D0-499F-83EB-D022FBACC371}") = "imageformats", ".dub/imageformats.visualdproj", "{9279E325-8264-45B5-8A6F-552257F3D037}"
EndProject
Global
	GlobalSection(SolutionConfigurationPlatforms) = preSolution
		debug|x64 = debug|x64
	EndGlobalSection
	GlobalSection(ProjectConfigurationPlatforms) = postSolution
		{ABB6B49F-0F33-4947-9794-4F0CDC52A7B8}.debug|x64.ActiveCfg = debug|x64
		{ABB6B49F-0F33-4947-9794-4F0CDC52A7B8}.debug|x64.Build.0 = debug|x64
		{9279E325-8264-45B5-8A6F-552257F3D037}.debug|x64.ActiveCfg = debug|x64
		{9279E325-8264-45B5-8A6F-552257F3D037}.debug|x64.Build.0 = debug|x64
	EndGlobalSection
	GlobalSection(SolutionProperties) = preSolution
		HideSolutionNode = FALSE
	EndGlobalSection
EndGlobal
