Microsoft Visual Studio Solution File, Format Version 11.00
# Visual Studio 2010
Project("{4FE6311C-0BFB-4AE1-9F33-8DA2D36AEE6A}") = "film", ".dub/film.visualdproj", "{70CA0AC5-CC11-4ADA-A521-DB56A9BBFF71}"
	ProjectSection(ProjectDependencies) = postProject
		{3502B03D-ACD6-403E-9E4A-2657ABC9343C} = {3502B03D-ACD6-403E-9E4A-2657ABC9343C}
	EndProjectSection
EndProject
Project("{4FE6311C-0BFB-4AE1-9F33-8DA2D36AEE6A}") = "imageformats", ".dub/imageformats.visualdproj", "{3502B03D-ACD6-403E-9E4A-2657ABC9343C}"
EndProject
Global
	GlobalSection(SolutionConfigurationPlatforms) = preSolution
		debug|x64 = debug|x64
	EndGlobalSection
	GlobalSection(ProjectConfigurationPlatforms) = postSolution
		{70CA0AC5-CC11-4ADA-A521-DB56A9BBFF71}.debug|x64.ActiveCfg = debug|x64
		{70CA0AC5-CC11-4ADA-A521-DB56A9BBFF71}.debug|x64.Build.0 = debug|x64
		{3502B03D-ACD6-403E-9E4A-2657ABC9343C}.debug|x64.ActiveCfg = debug|x64
		{3502B03D-ACD6-403E-9E4A-2657ABC9343C}.debug|x64.Build.0 = debug|x64
	EndGlobalSection
	GlobalSection(SolutionProperties) = preSolution
		HideSolutionNode = FALSE
	EndGlobalSection
EndGlobal
